// !$*UTF8*$!
{
	archiveVersion = 1;
	classes = {
	};
	objectVersion = 46;
	objects = {

/* Begin PBXBuildFile section */
		F4CDCE0E1B981E99003E43BE /* main.m in Sources */ = {isa = PBXBuildFile; fileRef = F4CDCE0D1B981E99003E43BE /* main.m */; };
		F4CDCE111B981E99003E43BE /* AppDelegate.m in Sources */ = {isa = PBXBuildFile; fileRef = F4CDCE101B981E99003E43BE /* AppDelegate.m */; };
		F4CDCE141B981E99003E43BE /* ViewController.m in Sources */ = {isa = PBXBuildFile; fileRef = F4CDCE131B981E99003E43BE /* ViewController.m */; };
		F4CDCE171B981E99003E43BE /* Main.storyboard in Resources */ = {isa = PBXBuildFile; fileRef = F4CDCE151B981E99003E43BE /* Main.storyboard */; };
		F4CDCE191B981E99003E43BE /* Images.xcassets in Resources */ = {isa = PBXBuildFile; fileRef = F4CDCE181B981E99003E43BE /* Images.xcassets */; };
		F4CDCE1C1B981E99003E43BE /* LaunchScreen.xib in Resources */ = {isa = PBXBuildFile; fileRef = F4CDCE1A1B981E99003E43BE /* LaunchScreen.xib */; };
		F4CDCE281B981E99003E43BE /* TempGItSotragePojectTests.m in Sources */ = {isa = PBXBuildFile; fileRef = F4CDCE271B981E99003E43BE /* TempGItSotragePojectTests.m */; };
/* End PBXBuildFile section */

/* Begin PBXContainerItemProxy section */
		F4CDCE221B981E99003E43BE /* PBXContainerItemProxy */ = {
			isa = PBXContainerItemProxy;
			containerPortal = F4CDCE001B981E99003E43BE /* Project object */;
			proxyType = 1;
			remoteGlobalIDString = F4CDCE071B981E99003E43BE;
			remoteInfo = TempGItSotragePoject;
		};
/* End PBXContainerItemProxy section */

/* Begin PBXFileReference section */
		F4CDCE081B981E99003E43BE /* TempGItSotragePoject.app */ = {isa = PBXFileReference; explicitFileType = wrapper.application; includeInIndex = 0; path = TempGItSotragePoject.app; sourceTree = BUILT_PRODUCTS_DIR; };
		F4CDCE0C1B981E99003E43BE /* Info.plist */ = {isa = PBXFileReference; lastKnownFileType = text.plist.xml; path = Info.plist; sourceTree = "<group>"; };
		F4CDCE0D1B981E99003E43BE /* main.m */ = {isa = PBXFileReference; lastKnownFileType = sourcecode.c.objc; path = main.m; sourceTree = "<group>"; };
		F4CDCE0F1B981E99003E43BE /* AppDelegate.h */ = {isa = PBXFileReference; lastKnownFileType = sourcecode.c.h; path = AppDelegate.h; sourceTree = "<group>"; };
		F4CDCE101B981E99003E43BE /* AppDelegate.m */ = {isa = PBXFileReference; lastKnownFileType = sourcecode.c.objc; path = AppDelegate.m; sourceTree = "<group>"; };
		F4CDCE121B981E99003E43BE /* ViewController.h */ = {isa = PBXFileReference; lastKnownFileType = sourcecode.c.h; path = ViewController.h; sourceTree = "<group>"; };
		F4CDCE131B981E99003E43BE /* ViewController.m */ = {isa = PBXFileReference; lastKnownFileType = sourcecode.c.objc; path = ViewController.m; sourceTree = "<group>"; };
		F4CDCE161B981E99003E43BE /* Base */ = {isa = PBXFileReference; lastKnownFileType = file.storyboard; name = Base; path = Base.lproj/Main.storyboard; sourceTree = "<group>"; };
		F4CDCE181B981E99003E43BE /* Images.xcassets */ = {isa = PBXFileReference; lastKnownFileType = folder.assetcatalog; path = Images.xcassets; sourceTree = "<group>"; };
		F4CDCE1B1B981E99003E43BE /* Base */ = {isa = PBXFileReference; lastKnownFileType = file.xib; name = Base; path = Base.lproj/LaunchScreen.xib; sourceTree = "<group>"; };
		F4CDCE211B981E99003E43BE /* TempGItSotragePojectTests.xctest */ = {isa = PBXFileReference; explicitFileType = wrapper.cfbundle; includeInIndex = 0; path = TempGItSotragePojectTests.xctest; sourceTree = BUILT_PRODUCTS_DIR; };
		F4CDCE261B981E99003E43BE /* Info.plist */ = {isa = PBXFileReference; lastKnownFileType = text.plist.xml; path = Info.plist; sourceTree = "<group>"; };
		F4CDCE271B981E99003E43BE /* TempGItSotragePojectTests.m */ = {isa = PBXFileReference; lastKnownFileType = sourcecode.c.objc; path = TempGItSotragePojectTests.m; sourceTree = "<group>"; };
/* End PBXFileReference section */

/* Begin PBXFrameworksBuildPhase section */
		F4CDCE051B981E99003E43BE /* Frameworks */ = {
			isa = PBXFrameworksBuildPhase;
			buildActionMask = 2147483647;
			files = (
			);
			runOnlyForDeploymentPostprocessing = 0;
		};
		F4CDCE1E1B981E99003E43BE /* Frameworks */ = {
			isa = PBXFrameworksBuildPhase;
			buildActionMask = 2147483647;
			files = (
			);
			runOnlyForDeploymentPostprocessing = 0;
		};
/* End PBXFrameworksBuildPhase section */

/* Begin PBXGroup section */
		F4CDCDFF1B981E99003E43BE = {
			isa = PBXGroup;
			children = (
				F4CDCE0A1B981E99003E43BE /* TempGItSotragePoject */,
				F4CDCE241B981E99003E43BE /* TempGItSotragePojectTests */,
				F4CDCE091B981E99003E43BE /* Products */,
			);
			sourceTree = "<group>";
		};
		F4CDCE091B981E99003E43BE /* Products */ = {
			isa = PBXGroup;
			children = (
				F4CDCE081B981E99003E43BE /* TempGItSotragePoject.app */,
				F4CDCE211B981E99003E43BE /* TempGItSotragePojectTests.xctest */,
			);
			name = Products;
			sourceTree = "<group>";
		};
		F4CDCE0A1B981E99003E43BE /* TempGItSotragePoject */ = {
			isa = PBXGroup;
			children = (
				F4CDCE0F1B981E99003E43BE /* AppDelegate.h */,
				F4CDCE101B981E99003E43BE /* AppDelegate.m */,
				F4CDCE121B981E99003E43BE /* ViewController.h */,
				F4CDCE131B981E99003E43BE /* ViewController.m */,
				F4CDCE151B981E99003E43BE /* Main.storyboard */,
				F4CDCE181B981E99003E43BE /* Images.xcassets */,
				F4CDCE1A1B981E99003E43BE /* LaunchScreen.xib */,
				F4CDCE0B1B981E99003E43BE /* Supporting Files */,
			);
			path = TempGItSotragePoject;
			sourceTree = "<group>";
		};
		F4CDCE0B1B981E99003E43BE /* Supporting Files */ = {
			isa = PBXGroup;
			children = (
				F4CDCE0C1B981E99003E43BE /* Info.plist */,
				F4CDCE0D1B981E99003E43BE /* main.m */,
			);
			name = "Supporting Files";
			sourceTree = "<group>";
		};
		F4CDCE241B981E99003E43BE /* TempGItSotragePojectTests */ = {
			isa = PBXGroup;
			children = (
				F4CDCE271B981E99003E43BE /* TempGItSotragePojectTests.m */,
				F4CDCE251B981E99003E43BE /* Supporting Files */,
			);
			path = TempGItSotragePojectTests;
			sourceTree = "<group>";
		};
		F4CDCE251B981E99003E43BE /* Supporting Files */ = {
			isa = PBXGroup;
			children = (
				F4CDCE261B981E99003E43BE /* Info.plist */,
			);
			name = "Supporting Files";
			sourceTree = "<group>";
		};
/* End PBXGroup section */

/* Begin PBXNativeTarget section */
		F4CDCE071B981E99003E43BE /* TempGItSotragePoject */ = {
			isa = PBXNativeTarget;
			buildConfigurationList = F4CDCE2B1B981E99003E43BE /* Build configuration list for PBXNativeTarget "TempGItSotragePoject" */;
			buildPhases = (
				F4CDCE041B981E99003E43BE /* Sources */,
				F4CDCE051B981E99003E43BE /* Frameworks */,
				F4CDCE061B981E99003E43BE /* Resources */,
			);
			buildRules = (
			);
			dependencies = (
			);
			name = TempGItSotragePoject;
			productName = TempGItSotragePoject;
			productReference = F4CDCE081B981E99003E43BE /* TempGItSotragePoject.app */;
			productType = "com.apple.product-type.application";
		};
		F4CDCE201B981E99003E43BE /* TempGItSotragePojectTests */ = {
			isa = PBXNativeTarget;
			buildConfigurationList = F4CDCE2E1B981E99003E43BE /* Build configuration list for PBXNativeTarget "TempGItSotragePojectTests" */;
			buildPhases = (
				F4CDCE1D1B981E99003E43BE /* Sources */,
				F4CDCE1E1B981E99003E43BE /* Frameworks */,
				F4CDCE1F1B981E99003E43BE /* Resources */,
			);
			buildRules = (
			);
			dependencies = (
				F4CDCE231B981E99003E43BE /* PBXTargetDependency */,
			);
			name = TempGItSotragePojectTests;
			productName = TempGItSotragePojectTests;
			productReference = F4CDCE211B981E99003E43BE /* TempGItSotragePojectTests.xctest */;
			productType = "com.apple.product-type.bundle.unit-test";
		};
/* End PBXNativeTarget section */

/* Begin PBXProject section */
		F4CDCE001B981E99003E43BE /* Project object */ = {
			isa = PBXProject;
			attributes = {
				LastUpgradeCheck = 0630;
				ORGANIZATIONNAME = Arun;
				TargetAttributes = {
					F4CDCE071B981E99003E43BE = {
						CreatedOnToolsVersion = 6.3.2;
					};
					F4CDCE201B981E99003E43BE = {
						CreatedOnToolsVersion = 6.3.2;
						TestTargetID = F4CDCE071B981E99003E43BE;
					};
				};
			};
			buildConfigurationList = F4CDCE031B981E99003E43BE /* Build configuration list for PBXProject "TempGItSotragePoject" */;
			compatibilityVersion = "Xcode 3.2";
			developmentRegion = English;
			hasScannedForEncodings = 0;
			knownRegions = (
				en,
				Base,
			);
			mainGroup = F4CDCDFF1B981E99003E43BE;
			productRefGroup = F4CDCE091B981E99003E43BE /* Products */;
			projectDirPath = "";
			projectRoot = "";
			targets = (
				F4CDCE071B981E99003E43BE /* TempGItSotragePoject */,
				F4CDCE201B981E99003E43BE /* TempGItSotragePojectTests */,
			);
		};
/* End PBXProject section */

/* Begin PBXResourcesBuildPhase section */
		F4CDCE061B981E99003E43BE /* Resources */ = {
			isa = PBXResourcesBuildPhase;
			buildActionMask = 2147483647;
			files = (
				F4CDCE171B981E99003E43BE /* Main.storyboard in Resources */,
				F4CDCE1C1B981E99003E43BE /* LaunchScreen.xib in Resources */,
				F4CDCE191B981E99003E43BE /* Images.xcassets in Resources */,
			);
			runOnlyForDeploymentPostprocessing = 0;
		};
		F4CDCE1F1B981E99003E43BE /* Resources */ = {
			isa = PBXResourcesBuildPhase;
			buildActionMask = 2147483647;
			files = (
			);
			runOnlyForDeploymentPostprocessing = 0;
		};
/* End PBXResourcesBuildPhase section */

/* Begin PBXSourcesBuildPhase section */
		F4CDCE041B981E99003E43BE /* Sources */ = {
			isa = PBXSourcesBuildPhase;
			buildActionMask = 2147483647;
			files = (
				F4CDCE141B981E99003E43BE /* ViewController.m in Sources */,
				F4CDCE111B981E99003E43BE /* AppDelegate.m in Sources */,
				F4CDCE0E1B981E99003E43BE /* main.m in Sources */,
			);
			runOnlyForDeploymentPostprocessing = 0;
		};
		F4CDCE1D1B981E99003E43BE /* Sources */ = {
			isa = PBXSourcesBuildPhase;
			buildActionMask = 2147483647;
			files = (
				F4CDCE281B981E99003E43BE /* TempGItSotragePojectTests.m in Sources */,
			);
			runOnlyForDeploymentPostprocessing = 0;
		};
/* End PBXSourcesBuildPhase section */

/* Begin PBXTargetDependency section */
		F4CDCE231B981E99003E43BE /* PBXTargetDependency */ = {
			isa = PBXTargetDependency;
			target = F4CDCE071B981E99003E43BE /* TempGItSotragePoject */;
			targetProxy = F4CDCE221B981E99003E43BE /* PBXContainerItemProxy */;
		};
/* End PBXTargetDependency section */

/* Begin PBXVariantGroup section */
		F4CDCE151B981E99003E43BE /* Main.storyboard */ = {
			isa = PBXVariantGroup;
			children = (
				F4CDCE161B981E99003E43BE /* Base */,
			);
			name = Main.storyboard;
			sourceTree = "<group>";
		};
		F4CDCE1A1B981E99003E43BE /* LaunchScreen.xib */ = {
			isa = PBXVariantGroup;
			children = (
				F4CDCE1B1B981E99003E43BE /* Base */,
			);
			name = LaunchScreen.xib;
			sourceTree = "<group>";
		};
/* End PBXVariantGroup section */

/* Begin XCBuildConfiguration section */
		F4CDCE291B981E99003E43BE /* Debug */ = {
			isa = XCBuildConfiguration;
			buildSettings = {
				ALWAYS_SEARCH_USER_PATHS = NO;
				CLANG_CXX_LANGUAGE_STANDARD = "gnu++0x";
				CLANG_CXX_LIBRARY = "libc++";
				CLANG_ENABLE_MODULES = YES;
				CLANG_ENABLE_OBJC_ARC = YES;
				CLANG_WARN_BOOL_CONVERSION = YES;
				CLANG_WARN_CONSTANT_CONVERSION = YES;
				CLANG_WARN_DIRECT_OBJC_ISA_USAGE = YES_ERROR;
				CLANG_WARN_EMPTY_BODY = YES;
				CLANG_WARN_ENUM_CONVERSION = YES;
				CLANG_WARN_INT_CONVERSION = YES;
				CLANG_WARN_OBJC_ROOT_CLASS = YES_ERROR;
				CLANG_WARN_UNREACHABLE_CODE = YES;
				CLANG_WARN__DUPLICATE_METHOD_MATCH = YES;
				"CODE_SIGN_IDENTITY[sdk=iphoneos*]" = "iPhone Developer";
				COPY_PHASE_STRIP = NO;
				DEBUG_INFORMATION_FORMAT = "dwarf-with-dsym";
				ENABLE_STRICT_OBJC_MSGSEND = YES;
				GCC_C_LANGUAGE_STANDARD = gnu99;
				GCC_DYNAMIC_NO_PIC = NO;
				GCC_NO_COMMON_BLOCKS = YES;
				GCC_OPTIMIZATION_LEVEL = 0;
				GCC_PREPROCESSOR_DEFINITIONS = (
					"DEBUG=1",
					"$(inherited)",
				);
				GCC_SYMBOLS_PRIVATE_EXTERN = NO;
				GCC_WARN_64_TO_32_BIT_CONVERSION = YES;
				GCC_WARN_ABOUT_RETURN_TYPE = YES_ERROR;
				GCC_WARN_UNDECLARED_SELECTOR = YES;
				GCC_WARN_UNINITIALIZED_AUTOS = YES_AGGRESSIVE;
				GCC_WARN_UNUSED_FUNCTION = YES;
				GCC_WARN_UNUSED_VARIABLE = YES;
				IPHONEOS_DEPLOYMENT_TARGET = 8.3;
				MTL_ENABLE_DEBUG_INFO = YES;
				ONLY_ACTIVE_ARCH = YES;
				SDKROOT = iphoneos;
				TARGETED_DEVICE_FAMILY = "1,2";
			};
			name = Debug;
		};
		F4CDCE2A1B981E99003E43BE /* Release */ = {
			isa = XCBuildConfiguration;
			buildSettings = {
				ALWAYS_SEARCH_USER_PATHS = NO;
				CLANG_CXX_LANGUAGE_STANDARD = "gnu++0x";
				CLANG_CXX_LIBRARY = "libc++";
				CLANG_ENABLE_MODULES = YES;
				CLANG_ENABLE_OBJC_ARC = YES;
				CLANG_WARN_BOOL_CONVERSION = YES;
				CLANG_WARN_CONSTANT_CONVERSION = YES;
				CLANG_WARN_DIRECT_OBJC_ISA_USAGE = YES_ERROR;
				CLANG_WARN_EMPTY_BODY = YES;
				CLANG_WARN_ENUM_CONVERSION = YES;
				CLANG_WARN_INT_CONVERSION = YES;
				CLANG_WARN_OBJC_ROOT_CLASS = YES_ERROR;
				CLANG_WARN_UNREACHABLE_CODE = YES;
				CLANG_WARN__DUPLICATE_METHOD_MATCH = YES;
				"CODE_SIGN_IDENTITY[sdk=iphoneos*]" = "iPhone Developer";
				COPY_PHASE_STRIP = NO;
				DEBUG_INFORMATION_FORMAT = "dwarf-with-dsym";
				ENABLE_NS_ASSERTIONS = NO;
				ENABLE_STRICT_OBJC_MSGSEND = YES;
				GCC_C_LANGUAGE_STANDARD = gnu99;
				GCC_NO_COMMON_BLOCKS = YES;
				GCC_WARN_64_TO_32_BIT_CONVERSION = YES;
				GCC_WARN_ABOUT_RETURN_TYPE = YES_ERROR;
				GCC_WARN_UNDECLARED_SELECTOR = YES;
				GCC_WARN_UNINITIALIZED_AUTOS = YES_AGGRESSIVE;
				GCC_WARN_UNUSED_FUNCTION = YES;
				GCC_WARN_UNUSED_VARIABLE = YES;
				IPHONEOS_DEPLOYMENT_TARGET = 8.3;
				MTL_ENABLE_DEBUG_INFO = NO;
				SDKROOT = iphoneos;
				TARGETED_DEVICE_FAMILY = "1,2";
				VALIDATE_PRODUCT = YES;
			};
			name = Release;
		};
		F4CDCE2C1B981E99003E43BE /* Debug */ = {
			isa = XCBuildConfiguration;
			buildSettings = {
				ASSETCATALOG_COMPILER_APPICON_NAME = AppIcon;
				INFOPLIST_FILE = TempGItSotragePoject/Info.plist;
				LD_RUNPATH_SEARCH_PATHS = "$(inherited) @executable_path/Frameworks";
				PRODUCT_NAME = "$(TARGET_NAME)";
			};
			name = Debug;
		};
		F4CDCE2D1B981E99003E43BE /* Release */ = {
			isa = XCBuildConfiguration;
			buildSettings = {
				ASSETCATALOG_COMPILER_APPICON_NAME = AppIcon;
				INFOPLIST_FILE = TempGItSotragePoject/Info.plist;
				LD_RUNPATH_SEARCH_PATHS = "$(inherited) @executable_path/Frameworks";
				PRODUCT_NAME = "$(TARGET_NAME)";
			};
			name = Release;
		};
		F4CDCE2F1B981E99003E43BE /* Debug */ = {
			isa = XCBuildConfiguration;
			buildSettings = {
				BUNDLE_LOADER = "$(TEST_HOST)";
				FRAMEWORK_SEARCH_PATHS = (
					"$(SDKROOT)/Developer/Library/Frameworks",
					"$(inherited)",
				);
				GCC_PREPROCESSOR_DEFINITIONS = (
					"DEBUG=1",
					"$(inherited)",
				);
				INFOPLIST_FILE = TempGItSotragePojectTests/Info.plist;
				LD_RUNPATH_SEARCH_PATHS = "$(inherited) @executable_path/Frameworks @loader_path/Frameworks";
				PRODUCT_NAME = "$(TARGET_NAME)";
				TEST_HOST = "$(BUILT_PRODUCTS_DIR)/TempGItSotragePoject.app/TempGItSotragePoject";
			};
			name = Debug;
		};
		F4CDCE301B981E99003E43BE /* Release */ = {
			isa = XCBuildConfiguration;
			buildSettings = {
				BUNDLE_LOADER = "$(TEST_HOST)";
				FRAMEWORK_SEARCH_PATHS = (
					"$(SDKROOT)/Developer/Library/Frameworks",
					"$(inherited)",
				);
				INFOPLIST_FILE = TempGItSotragePojectTests/Info.plist;
				LD_RUNPATH_SEARCH_PATHS = "$(inherited) @executable_path/Frameworks @loader_path/Frameworks";
				PRODUCT_NAME = "$(TARGET_NAME)";
				TEST_HOST = "$(BUILT_PRODUCTS_DIR)/TempGItSotragePoject.app/TempGItSotragePoject";
			};
			name = Release;
		};
/* End XCBuildConfiguration section */

/* Begin XCConfigurationList section */
		F4CDCE031B981E99003E43BE /* Build configuration list for PBXProject "TempGItSotragePoject" */ = {
			isa = XCConfigurationList;
			buildConfigurations = (
				F4CDCE291B981E99003E43BE /* Debug */,
				F4CDCE2A1B981E99003E43BE /* Release */,
			);
			defaultConfigurationIsVisible = 0;
			defaultConfigurationName = Release;
		};
		F4CDCE2B1B981E99003E43BE /* Build configuration list for PBXNativeTarget "TempGItSotragePoject" */ = {
			isa = XCConfigurationList;
			buildConfigurations = (
				F4CDCE2C1B981E99003E43BE /* Debug */,
				F4CDCE2D1B981E99003E43BE /* Release */,
			);
			defaultConfigurationIsVisible = 0;
		};
		F4CDCE2E1B981E99003E43BE /* Build configuration list for PBXNativeTarget "TempGItSotragePojectTests" */ = {
			isa = XCConfigurationList;
			buildConfigurations = (
				F4CDCE2F1B981E99003E43BE /* Debug */,
				F4CDCE301B981E99003E43BE /* Release */,
			);
			defaultConfigurationIsVisible = 0;
		};
/* End XCConfigurationList section */
	};
	rootObject = F4CDCE001B981E99003E43BE /* Project object */;
}
